
Microsoft Visual Studio Solution File, Format Version 12.00
# Visual Studio Version 16
VisualStudioVersion = 16.0.29920.165
MinimumVisualStudioVersion = 10.0.40219.1
Project("{FAE04EC0-301F-11D3-BF4B-00C04F79EFBC}") = "PicPayIntegration", "PicPayIntegration\PicPayIntegration.csproj", "{499F6AAA-FDD6-4DBF-9C3F-1B0D80F9F767}"
EndProject
Project("{FAE04EC0-301F-11D3-BF4B-00C04F79EFBC}") = "PicPayService", "PicPayService\PicPayService.csproj", "{AF3E388B-1FE7-4B16-AA29-4530D8E4D59C}"
EndProject
Global
	GlobalSection(SolutionConfigurationPlatforms) = preSolution
		Debug|Any CPU = Debug|Any CPU
		Release|Any CPU = Release|Any CPU
	EndGlobalSection
	GlobalSection(ProjectConfigurationPlatforms) = postSolution
		{499F6AAA-FDD6-4DBF-9C3F-1B0D80F9F767}.Debug|Any CPU.ActiveCfg = Debug|Any CPU
		{499F6AAA-FDD6-4DBF-9C3F-1B0D80F9F767}.Debug|Any CPU.Build.0 = Debug|Any CPU
		{499F6AAA-FDD6-4DBF-9C3F-1B0D80F9F767}.Release|Any CPU.ActiveCfg = Release|Any CPU
		{499F6AAA-FDD6-4DBF-9C3F-1B0D80F9F767}.Release|Any CPU.Build.0 = Release|Any CPU
		{AF3E388B-1FE7-4B16-AA29-4530D8E4D59C}.Debug|Any CPU.ActiveCfg = Debug|Any CPU
		{AF3E388B-1FE7-4B16-AA29-4530D8E4D59C}.Debug|Any CPU.Build.0 = Debug|Any CPU
		{AF3E388B-1FE7-4B16-AA29-4530D8E4D59C}.Release|Any CPU.ActiveCfg = Release|Any CPU
		{AF3E388B-1FE7-4B16-AA29-4530D8E4D59C}.Release|Any CPU.Build.0 = Release|Any CPU
	EndGlobalSection
	GlobalSection(SolutionProperties) = preSolution
		HideSolutionNode = FALSE
	EndGlobalSection
	GlobalSection(ExtensibilityGlobals) = postSolution
		SolutionGuid = {DC01B998-0FDD-41E4-A0B8-3591AEEB2FDB}
	EndGlobalSection
EndGlobal
